
Microsoft Visual Studio Solution File, Format Version 12.00
# Visual Studio Version 17
VisualStudioVersion = 17.11.35312.102
MinimumVisualStudioVersion = 10.0.40219.1
Project("{9A19103F-16F7-4668-BE54-9A1E7A4F7556}") = "Api", "Api\Api.csproj", "{932ACA9E-3D74-4FE8-AB80-28521E6393F1}"
EndProject
Project("{9A19103F-16F7-4668-BE54-9A1E7A4F7556}") = "Domain", "Domain\Domain.csproj", "{33E87C3D-FA2B-4600-84BB-27F0C898ADFD}"
EndProject
Project("{9A19103F-16F7-4668-BE54-9A1E7A4F7556}") = "Application", "Application\Application.csproj", "{EB705D91-260F-4B0F-B65E-3F372FE8B403}"
EndProject
Project("{9A19103F-16F7-4668-BE54-9A1E7A4F7556}") = "Infrastructure", "Infrastructure\Infrastructure.csproj", "{E2F3998C-57C7-4C88-9AA8-1018C4C656B3}"
EndProject
Project("{E53339B2-1760-4266-BCC7-CA923CBCF16C}") = "docker-compose", "docker-compose.dcproj", "{85D4019A-0697-4863-9F8A-DBA055BE3A5C}"
EndProject
Project("{9A19103F-16F7-4668-BE54-9A1E7A4F7556}") = "Common", "Common\Common.csproj", "{6CB803F9-DD5F-4974-AD0C-F2D497F27316}"
EndProject
Project("{9A19103F-16F7-4668-BE54-9A1E7A4F7556}") = "Receptor", "Receptor\Receptor.csproj", "{F2AD665A-F88F-4417-9BCE-0092EDBAC3FF}"
EndProject
Project("{FAE04EC0-301F-11D3-BF4B-00C04F79EFBC}") = "PrintStatusConsumer", "PrintStatusConsumer\PrintStatusConsumer.csproj", "{AA012C1E-BF8A-4EA4-A330-D3662F474955}"
EndProject
Global
	GlobalSection(SolutionConfigurationPlatforms) = preSolution
		Debug|Any CPU = Debug|Any CPU
		Release|Any CPU = Release|Any CPU
	EndGlobalSection
	GlobalSection(ProjectConfigurationPlatforms) = postSolution
		{932ACA9E-3D74-4FE8-AB80-28521E6393F1}.Debug|Any CPU.ActiveCfg = Debug|Any CPU
		{932ACA9E-3D74-4FE8-AB80-28521E6393F1}.Debug|Any CPU.Build.0 = Debug|Any CPU
		{932ACA9E-3D74-4FE8-AB80-28521E6393F1}.Release|Any CPU.ActiveCfg = Release|Any CPU
		{932ACA9E-3D74-4FE8-AB80-28521E6393F1}.Release|Any CPU.Build.0 = Release|Any CPU
		{33E87C3D-FA2B-4600-84BB-27F0C898ADFD}.Debug|Any CPU.ActiveCfg = Debug|Any CPU
		{33E87C3D-FA2B-4600-84BB-27F0C898ADFD}.Debug|Any CPU.Build.0 = Debug|Any CPU
		{33E87C3D-FA2B-4600-84BB-27F0C898ADFD}.Release|Any CPU.ActiveCfg = Release|Any CPU
		{33E87C3D-FA2B-4600-84BB-27F0C898ADFD}.Release|Any CPU.Build.0 = Release|Any CPU
		{EB705D91-260F-4B0F-B65E-3F372FE8B403}.Debug|Any CPU.ActiveCfg = Debug|Any CPU
		{EB705D91-260F-4B0F-B65E-3F372FE8B403}.Debug|Any CPU.Build.0 = Debug|Any CPU
		{EB705D91-260F-4B0F-B65E-3F372FE8B403}.Release|Any CPU.ActiveCfg = Release|Any CPU
		{EB705D91-260F-4B0F-B65E-3F372FE8B403}.Release|Any CPU.Build.0 = Release|Any CPU
		{E2F3998C-57C7-4C88-9AA8-1018C4C656B3}.Debug|Any CPU.ActiveCfg = Debug|Any CPU
		{E2F3998C-57C7-4C88-9AA8-1018C4C656B3}.Debug|Any CPU.Build.0 = Debug|Any CPU
		{E2F3998C-57C7-4C88-9AA8-1018C4C656B3}.Release|Any CPU.ActiveCfg = Release|Any CPU
		{E2F3998C-57C7-4C88-9AA8-1018C4C656B3}.Release|Any CPU.Build.0 = Release|Any CPU
		{85D4019A-0697-4863-9F8A-DBA055BE3A5C}.Debug|Any CPU.ActiveCfg = Debug|Any CPU
		{85D4019A-0697-4863-9F8A-DBA055BE3A5C}.Debug|Any CPU.Build.0 = Debug|Any CPU
		{85D4019A-0697-4863-9F8A-DBA055BE3A5C}.Release|Any CPU.ActiveCfg = Release|Any CPU
		{85D4019A-0697-4863-9F8A-DBA055BE3A5C}.Release|Any CPU.Build.0 = Release|Any CPU
		{6CB803F9-DD5F-4974-AD0C-F2D497F27316}.Debug|Any CPU.ActiveCfg = Debug|Any CPU
		{6CB803F9-DD5F-4974-AD0C-F2D497F27316}.Debug|Any CPU.Build.0 = Debug|Any CPU
		{6CB803F9-DD5F-4974-AD0C-F2D497F27316}.Release|Any CPU.ActiveCfg = Release|Any CPU
		{6CB803F9-DD5F-4974-AD0C-F2D497F27316}.Release|Any CPU.Build.0 = Release|Any CPU
		{F2AD665A-F88F-4417-9BCE-0092EDBAC3FF}.Debug|Any CPU.ActiveCfg = Debug|Any CPU
		{F2AD665A-F88F-4417-9BCE-0092EDBAC3FF}.Debug|Any CPU.Build.0 = Debug|Any CPU
		{F2AD665A-F88F-4417-9BCE-0092EDBAC3FF}.Release|Any CPU.ActiveCfg = Release|Any CPU
		{F2AD665A-F88F-4417-9BCE-0092EDBAC3FF}.Release|Any CPU.Build.0 = Release|Any CPU
		{AA012C1E-BF8A-4EA4-A330-D3662F474955}.Debug|Any CPU.ActiveCfg = Debug|Any CPU
		{AA012C1E-BF8A-4EA4-A330-D3662F474955}.Debug|Any CPU.Build.0 = Debug|Any CPU
		{AA012C1E-BF8A-4EA4-A330-D3662F474955}.Release|Any CPU.ActiveCfg = Release|Any CPU
		{AA012C1E-BF8A-4EA4-A330-D3662F474955}.Release|Any CPU.Build.0 = Release|Any CPU
	EndGlobalSection
	GlobalSection(SolutionProperties) = preSolution
		HideSolutionNode = FALSE
	EndGlobalSection
	GlobalSection(ExtensibilityGlobals) = postSolution
		SolutionGuid = {EAAD5817-A2F8-4D6F-80CA-902BF7C09DD3}
	EndGlobalSection
EndGlobal
